
Microsoft Visual Studio Solution File, Format Version 12.00
# Visual Studio Version 17
VisualStudioVersion = 17.7.34024.191
MinimumVisualStudioVersion = 10.0.40219.1
Project("{9A19103F-16F7-4668-BE54-9A1E7A4F7556}") = "AnotherOneTask", "AnotherOneTask\AnotherOneTask.csproj", "{AF2CDA63-7CC8-456E-AF2B-50F5F66B7E80}"
EndProject
Project("{9A19103F-16F7-4668-BE54-9A1E7A4F7556}") = "BlazorApp1", "BlazorApp1\BlazorApp1.csproj", "{0619DD85-5163-4060-963B-242855B3704E}"
EndProject
Project("{9A19103F-16F7-4668-BE54-9A1E7A4F7556}") = "BlazorApp2", "BlazorApp2\BlazorApp2.csproj", "{4FD7B65D-F00C-44D0-9F64-7DD766DAD37E}"
EndProject
Project("{9A19103F-16F7-4668-BE54-9A1E7A4F7556}") = "GoApp", "GoApp\GoApp.csproj", "{C7FE5D79-5166-41B9-BBAC-BCE2E3B97504}"
EndProject
Global
	GlobalSection(SolutionConfigurationPlatforms) = preSolution
		Debug|Any CPU = Debug|Any CPU
		Release|Any CPU = Release|Any CPU
	EndGlobalSection
	GlobalSection(ProjectConfigurationPlatforms) = postSolution
		{AF2CDA63-7CC8-456E-AF2B-50F5F66B7E80}.Debug|Any CPU.ActiveCfg = Debug|Any CPU
		{AF2CDA63-7CC8-456E-AF2B-50F5F66B7E80}.Debug|Any CPU.Build.0 = Debug|Any CPU
		{AF2CDA63-7CC8-456E-AF2B-50F5F66B7E80}.Release|Any CPU.ActiveCfg = Release|Any CPU
		{AF2CDA63-7CC8-456E-AF2B-50F5F66B7E80}.Release|Any CPU.Build.0 = Release|Any CPU
		{0619DD85-5163-4060-963B-242855B3704E}.Debug|Any CPU.ActiveCfg = Debug|Any CPU
		{0619DD85-5163-4060-963B-242855B3704E}.Debug|Any CPU.Build.0 = Debug|Any CPU
		{0619DD85-5163-4060-963B-242855B3704E}.Release|Any CPU.ActiveCfg = Release|Any CPU
		{0619DD85-5163-4060-963B-242855B3704E}.Release|Any CPU.Build.0 = Release|Any CPU
		{4FD7B65D-F00C-44D0-9F64-7DD766DAD37E}.Debug|Any CPU.ActiveCfg = Debug|Any CPU
		{4FD7B65D-F00C-44D0-9F64-7DD766DAD37E}.Debug|Any CPU.Build.0 = Debug|Any CPU
		{4FD7B65D-F00C-44D0-9F64-7DD766DAD37E}.Release|Any CPU.ActiveCfg = Release|Any CPU
		{4FD7B65D-F00C-44D0-9F64-7DD766DAD37E}.Release|Any CPU.Build.0 = Release|Any CPU
		{C7FE5D79-5166-41B9-BBAC-BCE2E3B97504}.Debug|Any CPU.ActiveCfg = Debug|Any CPU
		{C7FE5D79-5166-41B9-BBAC-BCE2E3B97504}.Debug|Any CPU.Build.0 = Debug|Any CPU
		{C7FE5D79-5166-41B9-BBAC-BCE2E3B97504}.Release|Any CPU.ActiveCfg = Release|Any CPU
		{C7FE5D79-5166-41B9-BBAC-BCE2E3B97504}.Release|Any CPU.Build.0 = Release|Any CPU
	EndGlobalSection
	GlobalSection(SolutionProperties) = preSolution
		HideSolutionNode = FALSE
	EndGlobalSection
	GlobalSection(ExtensibilityGlobals) = postSolution
		SolutionGuid = {593ED98B-7345-40B5-B3A9-88C4FFED9E9E}
	EndGlobalSection
EndGlobal
